// !$*UTF8*$!
{
	archiveVersion = 1;
	classes = {
	};
	objectVersion = 46;
	objects = {

/* Begin PBXBuildFile section */
		711E0B541F034F630004BF3F /* AppDelegate.swift in Sources */ = {isa = PBXBuildFile; fileRef = 711E0B531F034F630004BF3F /* AppDelegate.swift */; };
		711E0B561F034F630004BF3F /* ViewController.swift in Sources */ = {isa = PBXBuildFile; fileRef = 711E0B551F034F630004BF3F /* ViewController.swift */; };
		711E0B581F034F630004BF3F /* Assets.xcassets in Resources */ = {isa = PBXBuildFile; fileRef = 711E0B571F034F630004BF3F /* Assets.xcassets */; };
		711E0B5B1F034F630004BF3F /* Main.storyboard in Resources */ = {isa = PBXBuildFile; fileRef = 711E0B591F034F630004BF3F /* Main.storyboard */; };
		7162A23C1F0352BB000F22EC /* Alamofire.framework in Frameworks */ = {isa = PBXBuildFile; fileRef = 7162A23B1F0352BB000F22EC /* Alamofire.framework */; };
		7162A23E1F035489000F22EC /* Alamofire.framework in Frameworks */ = {isa = PBXBuildFile; fileRef = 7162A23B1F0352BB000F22EC /* Alamofire.framework */; };
		7162A23F1F035489000F22EC /* Alamofire.framework in Embed Frameworks */ = {isa = PBXBuildFile; fileRef = 7162A23B1F0352BB000F22EC /* Alamofire.framework */; settings = {ATTRIBUTES = (CodeSignOnCopy, RemoveHeadersOnCopy, ); }; };
		7193A6A51F05FAA90098D0FA /* decode_swift.swift in Sources */ = {isa = PBXBuildFile; fileRef = 7193A6A41F05FAA90098D0FA /* decode_swift.swift */; };
		7193A6A91F0619520098D0FA /* Zip.framework in Frameworks */ = {isa = PBXBuildFile; fileRef = 7193A6A81F0619520098D0FA /* Zip.framework */; };
		7193A6AA1F06195F0098D0FA /* Zip.framework in Frameworks */ = {isa = PBXBuildFile; fileRef = 7193A6A81F0619520098D0FA /* Zip.framework */; };
		7193A6AB1F06195F0098D0FA /* Zip.framework in Embed Frameworks */ = {isa = PBXBuildFile; fileRef = 7193A6A81F0619520098D0FA /* Zip.framework */; settings = {ATTRIBUTES = (CodeSignOnCopy, RemoveHeadersOnCopy, ); }; };
		7193A6AD1F06313E0098D0FA /* speedx_100062_20170627.xlog in Resources */ = {isa = PBXBuildFile; fileRef = 7193A6AC1F06313E0098D0FA /* speedx_100062_20170627.xlog */; };
		71ABCE411F03889200FEC4A1 /* image.xcassets in Resources */ = {isa = PBXBuildFile; fileRef = 71ABCE401F03889200FEC4A1 /* image.xcassets */; };
		71ABCE441F03905100FEC4A1 /* RootWindowController.swift in Sources */ = {isa = PBXBuildFile; fileRef = 71ABCE421F03905100FEC4A1 /* RootWindowController.swift */; };
		71ABCE471F03914E00FEC4A1 /* Decoder.swift in Sources */ = {isa = PBXBuildFile; fileRef = 71ABCE461F03914E00FEC4A1 /* Decoder.swift */; };
/* End PBXBuildFile section */

/* Begin PBXCopyFilesBuildPhase section */
		7162A2401F035489000F22EC /* Embed Frameworks */ = {
			isa = PBXCopyFilesBuildPhase;
			buildActionMask = 2147483647;
			dstPath = "";
			dstSubfolderSpec = 10;
			files = (
				7193A6AB1F06195F0098D0FA /* Zip.framework in Embed Frameworks */,
				7162A23F1F035489000F22EC /* Alamofire.framework in Embed Frameworks */,
			);
			name = "Embed Frameworks";
			runOnlyForDeploymentPostprocessing = 0;
		};
/* End PBXCopyFilesBuildPhase section */

/* Begin PBXFileReference section */
		711E0B501F034F630004BF3F /* xLogDecoder.app */ = {isa = PBXFileReference; explicitFileType = wrapper.application; includeInIndex = 0; path = xLogDecoder.app; sourceTree = BUILT_PRODUCTS_DIR; };
		711E0B531F034F630004BF3F /* AppDelegate.swift */ = {isa = PBXFileReference; lastKnownFileType = sourcecode.swift; path = AppDelegate.swift; sourceTree = "<group>"; };
		711E0B551F034F630004BF3F /* ViewController.swift */ = {isa = PBXFileReference; lastKnownFileType = sourcecode.swift; path = ViewController.swift; sourceTree = "<group>"; };
		711E0B571F034F630004BF3F /* Assets.xcassets */ = {isa = PBXFileReference; lastKnownFileType = folder.assetcatalog; path = Assets.xcassets; sourceTree = "<group>"; };
		711E0B5A1F034F630004BF3F /* Base */ = {isa = PBXFileReference; lastKnownFileType = file.storyboard; name = Base; path = Base.lproj/Main.storyboard; sourceTree = "<group>"; };
		711E0B5C1F034F630004BF3F /* Info.plist */ = {isa = PBXFileReference; lastKnownFileType = text.plist.xml; path = Info.plist; sourceTree = "<group>"; };
		7162A23B1F0352BB000F22EC /* Alamofire.framework */ = {isa = PBXFileReference; lastKnownFileType = wrapper.framework; name = Alamofire.framework; path = Carthage/Build/Mac/Alamofire.framework; sourceTree = "<group>"; };
		7193A6A41F05FAA90098D0FA /* decode_swift.swift */ = {isa = PBXFileReference; fileEncoding = 4; lastKnownFileType = sourcecode.swift; path = decode_swift.swift; sourceTree = "<group>"; };
		7193A6A81F0619520098D0FA /* Zip.framework */ = {isa = PBXFileReference; lastKnownFileType = wrapper.framework; name = Zip.framework; path = Carthage/Build/Mac/Zip.framework; sourceTree = "<group>"; };
		7193A6AC1F06313E0098D0FA /* speedx_100062_20170627.xlog */ = {isa = PBXFileReference; lastKnownFileType = file; path = speedx_100062_20170627.xlog; sourceTree = "<group>"; };
		71ABCE401F03889200FEC4A1 /* image.xcassets */ = {isa = PBXFileReference; lastKnownFileType = folder.assetcatalog; path = image.xcassets; sourceTree = "<group>"; };
		71ABCE421F03905100FEC4A1 /* RootWindowController.swift */ = {isa = PBXFileReference; fileEncoding = 4; lastKnownFileType = sourcecode.swift; path = RootWindowController.swift; sourceTree = "<group>"; };
		71ABCE461F03914E00FEC4A1 /* Decoder.swift */ = {isa = PBXFileReference; fileEncoding = 4; lastKnownFileType = sourcecode.swift; path = Decoder.swift; sourceTree = "<group>"; };
/* End PBXFileReference section */

/* Begin PBXFrameworksBuildPhase section */
		711E0B4D1F034F630004BF3F /* Frameworks */ = {
			isa = PBXFrameworksBuildPhase;
			buildActionMask = 2147483647;
			files = (
				7193A6AA1F06195F0098D0FA /* Zip.framework in Frameworks */,
				7162A23C1F0352BB000F22EC /* Alamofire.framework in Frameworks */,
				7193A6A91F0619520098D0FA /* Zip.framework in Frameworks */,
				7162A23E1F035489000F22EC /* Alamofire.framework in Frameworks */,
			);
			runOnlyForDeploymentPostprocessing = 0;
		};
/* End PBXFrameworksBuildPhase section */

/* Begin PBXGroup section */
		711E0B471F034F630004BF3F = {
			isa = PBXGroup;
			children = (
				711E0B521F034F630004BF3F /* decode_xlog */,
				7162A23A1F0352BA000F22EC /* Frameworks */,
				711E0B511F034F630004BF3F /* Products */,
			);
			sourceTree = "<group>";
		};
		711E0B511F034F630004BF3F /* Products */ = {
			isa = PBXGroup;
			children = (
				711E0B501F034F630004BF3F /* xLogDecoder.app */,
			);
			name = Products;
			sourceTree = "<group>";
		};
		711E0B521F034F630004BF3F /* decode_xlog */ = {
			isa = PBXGroup;
			children = (
				711E0B531F034F630004BF3F /* AppDelegate.swift */,
				71ABCE421F03905100FEC4A1 /* RootWindowController.swift */,
				711E0B551F034F630004BF3F /* ViewController.swift */,
				71ABCE461F03914E00FEC4A1 /* Decoder.swift */,
				7193A6A41F05FAA90098D0FA /* decode_swift.swift */,
				7193A6AC1F06313E0098D0FA /* speedx_100062_20170627.xlog */,
				711E0B571F034F630004BF3F /* Assets.xcassets */,
				71ABCE401F03889200FEC4A1 /* image.xcassets */,
				711E0B591F034F630004BF3F /* Main.storyboard */,
				711E0B5C1F034F630004BF3F /* Info.plist */,
			);
			path = decode_xlog;
			sourceTree = "<group>";
		};
		7162A23A1F0352BA000F22EC /* Frameworks */ = {
			isa = PBXGroup;
			children = (
				7193A6A81F0619520098D0FA /* Zip.framework */,
				7162A23B1F0352BB000F22EC /* Alamofire.framework */,
			);
			name = Frameworks;
			sourceTree = "<group>";
		};
/* End PBXGroup section */

/* Begin PBXNativeTarget section */
		711E0B4F1F034F630004BF3F /* decode_xlog */ = {
			isa = PBXNativeTarget;
			buildConfigurationList = 711E0B5F1F034F630004BF3F /* Build configuration list for PBXNativeTarget "decode_xlog" */;
			buildPhases = (
				711E0B4C1F034F630004BF3F /* Sources */,
				711E0B4D1F034F630004BF3F /* Frameworks */,
				711E0B4E1F034F630004BF3F /* Resources */,
				7162A2401F035489000F22EC /* Embed Frameworks */,
			);
			buildRules = (
			);
			dependencies = (
			);
			name = decode_xlog;
			productName = decode_xlog;
			productReference = 711E0B501F034F630004BF3F /* xLogDecoder.app */;
			productType = "com.apple.product-type.application";
		};
/* End PBXNativeTarget section */

/* Begin PBXProject section */
		711E0B481F034F630004BF3F /* Project object */ = {
			isa = PBXProject;
			attributes = {
				LastSwiftUpdateCheck = 0830;
				LastUpgradeCheck = 0830;
				ORGANIZATIONNAME = jinyu;
				TargetAttributes = {
					711E0B4F1F034F630004BF3F = {
						CreatedOnToolsVersion = 8.3.3;
						DevelopmentTeam = 6SEP4AQ5W5;
						ProvisioningStyle = Automatic;
					};
				};
			};
			buildConfigurationList = 711E0B4B1F034F630004BF3F /* Build configuration list for PBXProject "decode_xlog" */;
			compatibilityVersion = "Xcode 3.2";
			developmentRegion = English;
			hasScannedForEncodings = 0;
			knownRegions = (
				en,
				Base,
			);
			mainGroup = 711E0B471F034F630004BF3F;
			productRefGroup = 711E0B511F034F630004BF3F /* Products */;
			projectDirPath = "";
			projectRoot = "";
			targets = (
				711E0B4F1F034F630004BF3F /* decode_xlog */,
			);
		};
/* End PBXProject section */

/* Begin PBXResourcesBuildPhase section */
		711E0B4E1F034F630004BF3F /* Resources */ = {
			isa = PBXResourcesBuildPhase;
			buildActionMask = 2147483647;
			files = (
				7193A6AD1F06313E0098D0FA /* speedx_100062_20170627.xlog in Resources */,
				71ABCE411F03889200FEC4A1 /* image.xcassets in Resources */,
				711E0B581F034F630004BF3F /* Assets.xcassets in Resources */,
				711E0B5B1F034F630004BF3F /* Main.storyboard in Resources */,
			);
			runOnlyForDeploymentPostprocessing = 0;
		};
/* End PBXResourcesBuildPhase section */

/* Begin PBXSourcesBuildPhase section */
		711E0B4C1F034F630004BF3F /* Sources */ = {
			isa = PBXSourcesBuildPhase;
			buildActionMask = 2147483647;
			files = (
				7193A6A51F05FAA90098D0FA /* decode_swift.swift in Sources */,
				711E0B561F034F630004BF3F /* ViewController.swift in Sources */,
				71ABCE441F03905100FEC4A1 /* RootWindowController.swift in Sources */,
				71ABCE471F03914E00FEC4A1 /* Decoder.swift in Sources */,
				711E0B541F034F630004BF3F /* AppDelegate.swift in Sources */,
			);
			runOnlyForDeploymentPostprocessing = 0;
		};
/* End PBXSourcesBuildPhase section */

/* Begin PBXVariantGroup section */
		711E0B591F034F630004BF3F /* Main.storyboard */ = {
			isa = PBXVariantGroup;
			children = (
				711E0B5A1F034F630004BF3F /* Base */,
			);
			name = Main.storyboard;
			sourceTree = "<group>";
		};
/* End PBXVariantGroup section */

/* Begin XCBuildConfiguration section */
		711E0B5D1F034F630004BF3F /* Debug */ = {
			isa = XCBuildConfiguration;
			buildSettings = {
				ALWAYS_SEARCH_USER_PATHS = NO;
				CLANG_ANALYZER_NONNULL = YES;
				CLANG_ANALYZER_NUMBER_OBJECT_CONVERSION = YES_AGGRESSIVE;
				CLANG_CXX_LANGUAGE_STANDARD = "gnu++0x";
				CLANG_CXX_LIBRARY = "libc++";
				CLANG_ENABLE_MODULES = YES;
				CLANG_ENABLE_OBJC_ARC = YES;
				CLANG_WARN_BOOL_CONVERSION = YES;
				CLANG_WARN_CONSTANT_CONVERSION = YES;
				CLANG_WARN_DIRECT_OBJC_ISA_USAGE = YES_ERROR;
				CLANG_WARN_DOCUMENTATION_COMMENTS = YES;
				CLANG_WARN_EMPTY_BODY = YES;
				CLANG_WARN_ENUM_CONVERSION = YES;
				CLANG_WARN_INFINITE_RECURSION = YES;
				CLANG_WARN_INT_CONVERSION = YES;
				CLANG_WARN_OBJC_ROOT_CLASS = YES_ERROR;
				CLANG_WARN_SUSPICIOUS_MOVE = YES;
				CLANG_WARN_UNREACHABLE_CODE = YES;
				CLANG_WARN__DUPLICATE_METHOD_MATCH = YES;
				CODE_SIGN_IDENTITY = "-";
				COPY_PHASE_STRIP = NO;
				DEBUG_INFORMATION_FORMAT = dwarf;
				ENABLE_STRICT_OBJC_MSGSEND = YES;
				ENABLE_TESTABILITY = YES;
				GCC_C_LANGUAGE_STANDARD = gnu99;
				GCC_DYNAMIC_NO_PIC = NO;
				GCC_NO_COMMON_BLOCKS = YES;
				GCC_OPTIMIZATION_LEVEL = 0;
				GCC_PREPROCESSOR_DEFINITIONS = (
					"DEBUG=1",
					"$(inherited)",
				);
				GCC_WARN_64_TO_32_BIT_CONVERSION = YES;
				GCC_WARN_ABOUT_RETURN_TYPE = YES_ERROR;
				GCC_WARN_UNDECLARED_SELECTOR = YES;
				GCC_WARN_UNINITIALIZED_AUTOS = YES_AGGRESSIVE;
				GCC_WARN_UNUSED_FUNCTION = YES;
				GCC_WARN_UNUSED_VARIABLE = YES;
				MACOSX_DEPLOYMENT_TARGET = 10.10;
				MTL_ENABLE_DEBUG_INFO = YES;
				ONLY_ACTIVE_ARCH = YES;
				SDKROOT = macosx;
				SWIFT_ACTIVE_COMPILATION_CONDITIONS = DEBUG;
				SWIFT_OPTIMIZATION_LEVEL = "-Onone";
			};
			name = Debug;
		};
		711E0B5E1F034F630004BF3F /* Release */ = {
			isa = XCBuildConfiguration;
			buildSettings = {
				ALWAYS_SEARCH_USER_PATHS = NO;
				CLANG_ANALYZER_NONNULL = YES;
				CLANG_ANALYZER_NUMBER_OBJECT_CONVERSION = YES_AGGRESSIVE;
				CLANG_CXX_LANGUAGE_STANDARD = "gnu++0x";
				CLANG_CXX_LIBRARY = "libc++";
				CLANG_ENABLE_MODULES = YES;
				CLANG_ENABLE_OBJC_ARC = YES;
				CLANG_WARN_BOOL_CONVERSION = YES;
				CLANG_WARN_CONSTANT_CONVERSION = YES;
				CLANG_WARN_DIRECT_OBJC_ISA_USAGE = YES_ERROR;
				CLANG_WARN_DOCUMENTATION_COMMENTS = YES;
				CLANG_WARN_EMPTY_BODY = YES;
				CLANG_WARN_ENUM_CONVERSION = YES;
				CLANG_WARN_INFINITE_RECURSION = YES;
				CLANG_WARN_INT_CONVERSION = YES;
				CLANG_WARN_OBJC_ROOT_CLASS = YES_ERROR;
				CLANG_WARN_SUSPICIOUS_MOVE = YES;
				CLANG_WARN_UNREACHABLE_CODE = YES;
				CLANG_WARN__DUPLICATE_METHOD_MATCH = YES;
				CODE_SIGN_IDENTITY = "-";
				COPY_PHASE_STRIP = NO;
				DEBUG_INFORMATION_FORMAT = "dwarf-with-dsym";
				ENABLE_NS_ASSERTIONS = NO;
				ENABLE_STRICT_OBJC_MSGSEND = YES;
				GCC_C_LANGUAGE_STANDARD = gnu99;
				GCC_NO_COMMON_BLOCKS = YES;
				GCC_WARN_64_TO_32_BIT_CONVERSION = YES;
				GCC_WARN_ABOUT_RETURN_TYPE = YES_ERROR;
				GCC_WARN_UNDECLARED_SELECTOR = YES;
				GCC_WARN_UNINITIALIZED_AUTOS = YES_AGGRESSIVE;
				GCC_WARN_UNUSED_FUNCTION = YES;
				GCC_WARN_UNUSED_VARIABLE = YES;
				MACOSX_DEPLOYMENT_TARGET = 10.10;
				MTL_ENABLE_DEBUG_INFO = NO;
				SDKROOT = macosx;
				SWIFT_OPTIMIZATION_LEVEL = "-Owholemodule";
			};
			name = Release;
		};
		711E0B601F034F630004BF3F /* Debug */ = {
			isa = XCBuildConfiguration;
			buildSettings = {
				ASSETCATALOG_COMPILER_APPICON_NAME = AppIcon;
				COMBINE_HIDPI_IMAGES = YES;
				DEVELOPMENT_TEAM = 6SEP4AQ5W5;
				FRAMEWORK_SEARCH_PATHS = (
					"$(inherited)",
					"$(PROJECT_DIR)/Carthage/Build/Mac",
				);
				INFOPLIST_FILE = decode_xlog/Info.plist;
				LD_RUNPATH_SEARCH_PATHS = "$(inherited) @executable_path/../Frameworks";
				PRODUCT_BUNDLE_IDENTIFIER = "c.decode-xlog";
				PRODUCT_NAME = xLogDecoder;
				SWIFT_VERSION = 3.0;
			};
			name = Debug;
		};
		711E0B611F034F630004BF3F /* Release */ = {
			isa = XCBuildConfiguration;
			buildSettings = {
				ASSETCATALOG_COMPILER_APPICON_NAME = AppIcon;
				COMBINE_HIDPI_IMAGES = YES;
				DEVELOPMENT_TEAM = 6SEP4AQ5W5;
				FRAMEWORK_SEARCH_PATHS = (
					"$(inherited)",
					"$(PROJECT_DIR)/Carthage/Build/Mac",
				);
				INFOPLIST_FILE = decode_xlog/Info.plist;
				LD_RUNPATH_SEARCH_PATHS = "$(inherited) @executable_path/../Frameworks";
				PRODUCT_BUNDLE_IDENTIFIER = "c.decode-xlog";
				PRODUCT_NAME = xLogDecoder;
				SWIFT_VERSION = 3.0;
			};
			name = Release;
		};
/* End XCBuildConfiguration section */

/* Begin XCConfigurationList section */
		711E0B4B1F034F630004BF3F /* Build configuration list for PBXProject "decode_xlog" */ = {
			isa = XCConfigurationList;
			buildConfigurations = (
				711E0B5D1F034F630004BF3F /* Debug */,
				711E0B5E1F034F630004BF3F /* Release */,
			);
			defaultConfigurationIsVisible = 0;
			defaultConfigurationName = Release;
		};
		711E0B5F1F034F630004BF3F /* Build configuration list for PBXNativeTarget "decode_xlog" */ = {
			isa = XCConfigurationList;
			buildConfigurations = (
				711E0B601F034F630004BF3F /* Debug */,
				711E0B611F034F630004BF3F /* Release */,
			);
			defaultConfigurationIsVisible = 0;
			defaultConfigurationName = Release;
		};
/* End XCConfigurationList section */
	};
	rootObject = 711E0B481F034F630004BF3F /* Project object */;
}
